
Microsoft Visual Studio Solution File, Format Version 12.00
# Visual Studio 2012
Project("{FAE04EC0-301F-11D3-BF4B-00C04F79EFBC}") = "Wpw.Demo.Wcf.Web", "Wpw.Demo.Wcf.Web\Wpw.Demo.Wcf.Web.csproj", "{A99EBB5B-BBCD-4719-9D16-CFC47F6F78C8}"
EndProject
Project("{FAE04EC0-301F-11D3-BF4B-00C04F79EFBC}") = "WPW.Demo.Wcf.Server", "WPW.Demo.Wcf.Server\WPW.Demo.Wcf.Server.csproj", "{02CDAB16-F01A-4E70-A0F6-E08B9380E245}"
EndProject
Project("{FAE04EC0-301F-11D3-BF4B-00C04F79EFBC}") = "WPW.Demo.Wcf.Interface", "WPW.Demo.Wcf.Interface\WPW.Demo.Wcf.Interface.csproj", "{DD150E2A-8EE0-4098-98DA-CA533DFC64A4}"
EndProject
Project("{FAE04EC0-301F-11D3-BF4B-00C04F79EFBC}") = "WPW.Demo.Wcf.Imp", "WPW.Demo.Wcf.Imp\WPW.Demo.Wcf.Imp.csproj", "{2E1654CE-2001-46DC-A17D-86827A322B88}"
EndProject
Project("{FAE04EC0-301F-11D3-BF4B-00C04F79EFBC}") = "WPW.Demo.Wcf.Model", "WPW.Demo.Wcf.Model\WPW.Demo.Wcf.Model.csproj", "{8B385AFB-5690-41D5-B275-DB254210989D}"
EndProject
Project("{FAE04EC0-301F-11D3-BF4B-00C04F79EFBC}") = "FrameWork", "FrameWork\FrameWork.csproj", "{37010614-A710-4B87-BA74-0487B8E3ED0A}"
EndProject
Project("{E24C65DC-7377-472B-9ABA-BC803B73C61A}") = "WcfMinitorClient", "wcf.monitor\WcfMinitorClient\", "{F2D08B72-CDA3-49BC-B648-FE04A224BB18}"
	ProjectSection(WebsiteProperties) = preProject
		TargetFrameworkMoniker = ".NETFramework,Version%3Dv4.0"
		ProjectReferences = "{eab20ccf-d973-497a-96d9-a3d198f2ab27}|WcfStatistics.Dao.dll;{D3DD1E33-76C0-4E03-9272-BE60BF5AAA01}|WcfStatistics.Model.dll;"
		Debug.AspNetCompiler.VirtualPath = "/WcfMinitorClient"
		Debug.AspNetCompiler.PhysicalPath = "wcf.monitor\WcfMinitorClient\"
		Debug.AspNetCompiler.TargetPath = "PrecompiledWeb\WcfMinitorClient\"
		Debug.AspNetCompiler.Updateable = "true"
		Debug.AspNetCompiler.ForceOverwrite = "true"
		Debug.AspNetCompiler.FixedNames = "false"
		Debug.AspNetCompiler.Debug = "True"
		Release.AspNetCompiler.VirtualPath = "/WcfMinitorClient"
		Release.AspNetCompiler.PhysicalPath = "wcf.monitor\WcfMinitorClient\"
		Release.AspNetCompiler.TargetPath = "PrecompiledWeb\WcfMinitorClient\"
		Release.AspNetCompiler.Updateable = "true"
		Release.AspNetCompiler.ForceOverwrite = "true"
		Release.AspNetCompiler.FixedNames = "false"
		Release.AspNetCompiler.Debug = "False"
		VWDPort = "14342"
		VWDVirtualPath = "/"
	EndProjectSection
EndProject
Project("{FAE04EC0-301F-11D3-BF4B-00C04F79EFBC}") = "Cat.Net", "cat-client.net\Cat.Net.csproj", "{7B5F7994-F1D1-494D-85B9-935A478591AD}"
EndProject
Project("{FAE04EC0-301F-11D3-BF4B-00C04F79EFBC}") = "WcfStatistics.Dao", "WcfStatistics.Dao\WcfStatistics.Dao.csproj", "{EAB20CCF-D973-497A-96D9-A3D198F2AB27}"
EndProject
Project("{FAE04EC0-301F-11D3-BF4B-00C04F79EFBC}") = "WcfStatistics.Model", "WcfStatistics.Model\WcfStatistics.Model.csproj", "{D3DD1E33-76C0-4E03-9272-BE60BF5AAA01}"
EndProject
Project("{FAE04EC0-301F-11D3-BF4B-00C04F79EFBC}") = "WcfStatisticsService", "WcfStatisticsService\WcfStatisticsService.csproj", "{462C5FA0-AC3C-4EF7-A7CD-01A17CE2CD31}"
EndProject
Project("{FAE04EC0-301F-11D3-BF4B-00C04F79EFBC}") = "WcfStatisticsServiceTest", "WcfStatisticsServiceTest\WcfStatisticsServiceTest.csproj", "{B6C58ECB-1D46-48CA-B665-5B0292E79150}"
EndProject
Global
	GlobalSection(SolutionConfigurationPlatforms) = preSolution
		Debug|Any CPU = Debug|Any CPU
		Debug|x64 = Debug|x64
		Debug|x86 = Debug|x86
		Release|Any CPU = Release|Any CPU
		Release|x64 = Release|x64
		Release|x86 = Release|x86
	EndGlobalSection
	GlobalSection(ProjectConfigurationPlatforms) = postSolution
		{A99EBB5B-BBCD-4719-9D16-CFC47F6F78C8}.Debug|Any CPU.ActiveCfg = Debug|Any CPU
		{A99EBB5B-BBCD-4719-9D16-CFC47F6F78C8}.Debug|Any CPU.Build.0 = Debug|Any CPU
		{A99EBB5B-BBCD-4719-9D16-CFC47F6F78C8}.Debug|x64.ActiveCfg = Debug|Any CPU
		{A99EBB5B-BBCD-4719-9D16-CFC47F6F78C8}.Debug|x86.ActiveCfg = Debug|Any CPU
		{A99EBB5B-BBCD-4719-9D16-CFC47F6F78C8}.Release|Any CPU.ActiveCfg = Release|Any CPU
		{A99EBB5B-BBCD-4719-9D16-CFC47F6F78C8}.Release|Any CPU.Build.0 = Release|Any CPU
		{A99EBB5B-BBCD-4719-9D16-CFC47F6F78C8}.Release|x64.ActiveCfg = Release|Any CPU
		{A99EBB5B-BBCD-4719-9D16-CFC47F6F78C8}.Release|x86.ActiveCfg = Release|Any CPU
		{02CDAB16-F01A-4E70-A0F6-E08B9380E245}.Debug|Any CPU.ActiveCfg = Debug|Any CPU
		{02CDAB16-F01A-4E70-A0F6-E08B9380E245}.Debug|Any CPU.Build.0 = Debug|Any CPU
		{02CDAB16-F01A-4E70-A0F6-E08B9380E245}.Debug|x64.ActiveCfg = Debug|Any CPU
		{02CDAB16-F01A-4E70-A0F6-E08B9380E245}.Debug|x86.ActiveCfg = Debug|x86
		{02CDAB16-F01A-4E70-A0F6-E08B9380E245}.Debug|x86.Build.0 = Debug|x86
		{02CDAB16-F01A-4E70-A0F6-E08B9380E245}.Release|Any CPU.ActiveCfg = Release|Any CPU
		{02CDAB16-F01A-4E70-A0F6-E08B9380E245}.Release|Any CPU.Build.0 = Release|Any CPU
		{02CDAB16-F01A-4E70-A0F6-E08B9380E245}.Release|x64.ActiveCfg = Release|Any CPU
		{02CDAB16-F01A-4E70-A0F6-E08B9380E245}.Release|x86.ActiveCfg = Release|x86
		{02CDAB16-F01A-4E70-A0F6-E08B9380E245}.Release|x86.Build.0 = Release|x86
		{DD150E2A-8EE0-4098-98DA-CA533DFC64A4}.Debug|Any CPU.ActiveCfg = Debug|Any CPU
		{DD150E2A-8EE0-4098-98DA-CA533DFC64A4}.Debug|Any CPU.Build.0 = Debug|Any CPU
		{DD150E2A-8EE0-4098-98DA-CA533DFC64A4}.Debug|x64.ActiveCfg = Debug|Any CPU
		{DD150E2A-8EE0-4098-98DA-CA533DFC64A4}.Debug|x86.ActiveCfg = Debug|Any CPU
		{DD150E2A-8EE0-4098-98DA-CA533DFC64A4}.Release|Any CPU.ActiveCfg = Release|Any CPU
		{DD150E2A-8EE0-4098-98DA-CA533DFC64A4}.Release|Any CPU.Build.0 = Release|Any CPU
		{DD150E2A-8EE0-4098-98DA-CA533DFC64A4}.Release|x64.ActiveCfg = Release|Any CPU
		{DD150E2A-8EE0-4098-98DA-CA533DFC64A4}.Release|x86.ActiveCfg = Release|Any CPU
		{2E1654CE-2001-46DC-A17D-86827A322B88}.Debug|Any CPU.ActiveCfg = Debug|Any CPU
		{2E1654CE-2001-46DC-A17D-86827A322B88}.Debug|Any CPU.Build.0 = Debug|Any CPU
		{2E1654CE-2001-46DC-A17D-86827A322B88}.Debug|x64.ActiveCfg = Debug|Any CPU
		{2E1654CE-2001-46DC-A17D-86827A322B88}.Debug|x86.ActiveCfg = Debug|Any CPU
		{2E1654CE-2001-46DC-A17D-86827A322B88}.Release|Any CPU.ActiveCfg = Release|Any CPU
		{2E1654CE-2001-46DC-A17D-86827A322B88}.Release|Any CPU.Build.0 = Release|Any CPU
		{2E1654CE-2001-46DC-A17D-86827A322B88}.Release|x64.ActiveCfg = Release|Any CPU
		{2E1654CE-2001-46DC-A17D-86827A322B88}.Release|x86.ActiveCfg = Release|Any CPU
		{8B385AFB-5690-41D5-B275-DB254210989D}.Debug|Any CPU.ActiveCfg = Debug|Any CPU
		{8B385AFB-5690-41D5-B275-DB254210989D}.Debug|Any CPU.Build.0 = Debug|Any CPU
		{8B385AFB-5690-41D5-B275-DB254210989D}.Debug|x64.ActiveCfg = Debug|Any CPU
		{8B385AFB-5690-41D5-B275-DB254210989D}.Debug|x86.ActiveCfg = Debug|Any CPU
		{8B385AFB-5690-41D5-B275-DB254210989D}.Release|Any CPU.ActiveCfg = Release|Any CPU
		{8B385AFB-5690-41D5-B275-DB254210989D}.Release|Any CPU.Build.0 = Release|Any CPU
		{8B385AFB-5690-41D5-B275-DB254210989D}.Release|x64.ActiveCfg = Release|Any CPU
		{8B385AFB-5690-41D5-B275-DB254210989D}.Release|x86.ActiveCfg = Release|Any CPU
		{37010614-A710-4B87-BA74-0487B8E3ED0A}.Debug|Any CPU.ActiveCfg = Debug|Any CPU
		{37010614-A710-4B87-BA74-0487B8E3ED0A}.Debug|Any CPU.Build.0 = Debug|Any CPU
		{37010614-A710-4B87-BA74-0487B8E3ED0A}.Debug|x64.ActiveCfg = Debug|Any CPU
		{37010614-A710-4B87-BA74-0487B8E3ED0A}.Debug|x86.ActiveCfg = Debug|x86
		{37010614-A710-4B87-BA74-0487B8E3ED0A}.Debug|x86.Build.0 = Debug|x86
		{37010614-A710-4B87-BA74-0487B8E3ED0A}.Release|Any CPU.ActiveCfg = Release|Any CPU
		{37010614-A710-4B87-BA74-0487B8E3ED0A}.Release|Any CPU.Build.0 = Release|Any CPU
		{37010614-A710-4B87-BA74-0487B8E3ED0A}.Release|x64.ActiveCfg = Release|Any CPU
		{37010614-A710-4B87-BA74-0487B8E3ED0A}.Release|x86.ActiveCfg = Release|x86
		{37010614-A710-4B87-BA74-0487B8E3ED0A}.Release|x86.Build.0 = Release|x86
		{F2D08B72-CDA3-49BC-B648-FE04A224BB18}.Debug|Any CPU.ActiveCfg = Debug|Any CPU
		{F2D08B72-CDA3-49BC-B648-FE04A224BB18}.Debug|Any CPU.Build.0 = Debug|Any CPU
		{F2D08B72-CDA3-49BC-B648-FE04A224BB18}.Debug|x64.ActiveCfg = Debug|Any CPU
		{F2D08B72-CDA3-49BC-B648-FE04A224BB18}.Debug|x86.ActiveCfg = Debug|Any CPU
		{F2D08B72-CDA3-49BC-B648-FE04A224BB18}.Release|Any CPU.ActiveCfg = Debug|Any CPU
		{F2D08B72-CDA3-49BC-B648-FE04A224BB18}.Release|Any CPU.Build.0 = Debug|Any CPU
		{F2D08B72-CDA3-49BC-B648-FE04A224BB18}.Release|x64.ActiveCfg = Debug|Any CPU
		{F2D08B72-CDA3-49BC-B648-FE04A224BB18}.Release|x86.ActiveCfg = Debug|Any CPU
		{7B5F7994-F1D1-494D-85B9-935A478591AD}.Debug|Any CPU.ActiveCfg = Debug|Any CPU
		{7B5F7994-F1D1-494D-85B9-935A478591AD}.Debug|Any CPU.Build.0 = Debug|Any CPU
		{7B5F7994-F1D1-494D-85B9-935A478591AD}.Debug|x64.ActiveCfg = Debug|Any CPU
		{7B5F7994-F1D1-494D-85B9-935A478591AD}.Debug|x86.ActiveCfg = Debug|x86
		{7B5F7994-F1D1-494D-85B9-935A478591AD}.Debug|x86.Build.0 = Debug|x86
		{7B5F7994-F1D1-494D-85B9-935A478591AD}.Release|Any CPU.ActiveCfg = Release|Any CPU
		{7B5F7994-F1D1-494D-85B9-935A478591AD}.Release|Any CPU.Build.0 = Release|Any CPU
		{7B5F7994-F1D1-494D-85B9-935A478591AD}.Release|x64.ActiveCfg = Release|Any CPU
		{7B5F7994-F1D1-494D-85B9-935A478591AD}.Release|x86.ActiveCfg = Release|x86
		{7B5F7994-F1D1-494D-85B9-935A478591AD}.Release|x86.Build.0 = Release|x86
		{EAB20CCF-D973-497A-96D9-A3D198F2AB27}.Debug|Any CPU.ActiveCfg = Debug|Any CPU
		{EAB20CCF-D973-497A-96D9-A3D198F2AB27}.Debug|Any CPU.Build.0 = Debug|Any CPU
		{EAB20CCF-D973-497A-96D9-A3D198F2AB27}.Debug|x64.ActiveCfg = Debug|Any CPU
		{EAB20CCF-D973-497A-96D9-A3D198F2AB27}.Debug|x86.ActiveCfg = Debug|Any CPU
		{EAB20CCF-D973-497A-96D9-A3D198F2AB27}.Release|Any CPU.ActiveCfg = Release|Any CPU
		{EAB20CCF-D973-497A-96D9-A3D198F2AB27}.Release|Any CPU.Build.0 = Release|Any CPU
		{EAB20CCF-D973-497A-96D9-A3D198F2AB27}.Release|x64.ActiveCfg = Release|Any CPU
		{EAB20CCF-D973-497A-96D9-A3D198F2AB27}.Release|x86.ActiveCfg = Release|Any CPU
		{D3DD1E33-76C0-4E03-9272-BE60BF5AAA01}.Debug|Any CPU.ActiveCfg = Debug|Any CPU
		{D3DD1E33-76C0-4E03-9272-BE60BF5AAA01}.Debug|Any CPU.Build.0 = Debug|Any CPU
		{D3DD1E33-76C0-4E03-9272-BE60BF5AAA01}.Debug|x64.ActiveCfg = Debug|Any CPU
		{D3DD1E33-76C0-4E03-9272-BE60BF5AAA01}.Debug|x86.ActiveCfg = Debug|Any CPU
		{D3DD1E33-76C0-4E03-9272-BE60BF5AAA01}.Release|Any CPU.ActiveCfg = Release|Any CPU
		{D3DD1E33-76C0-4E03-9272-BE60BF5AAA01}.Release|Any CPU.Build.0 = Release|Any CPU
		{D3DD1E33-76C0-4E03-9272-BE60BF5AAA01}.Release|x64.ActiveCfg = Release|Any CPU
		{D3DD1E33-76C0-4E03-9272-BE60BF5AAA01}.Release|x86.ActiveCfg = Release|Any CPU
		{462C5FA0-AC3C-4EF7-A7CD-01A17CE2CD31}.Debug|Any CPU.ActiveCfg = Debug|Any CPU
		{462C5FA0-AC3C-4EF7-A7CD-01A17CE2CD31}.Debug|Any CPU.Build.0 = Debug|Any CPU
		{462C5FA0-AC3C-4EF7-A7CD-01A17CE2CD31}.Debug|x64.ActiveCfg = Debug|x64
		{462C5FA0-AC3C-4EF7-A7CD-01A17CE2CD31}.Debug|x64.Build.0 = Debug|x64
		{462C5FA0-AC3C-4EF7-A7CD-01A17CE2CD31}.Debug|x86.ActiveCfg = Debug|Any CPU
		{462C5FA0-AC3C-4EF7-A7CD-01A17CE2CD31}.Release|Any CPU.ActiveCfg = Release|Any CPU
		{462C5FA0-AC3C-4EF7-A7CD-01A17CE2CD31}.Release|Any CPU.Build.0 = Release|Any CPU
		{462C5FA0-AC3C-4EF7-A7CD-01A17CE2CD31}.Release|x64.ActiveCfg = Release|x64
		{462C5FA0-AC3C-4EF7-A7CD-01A17CE2CD31}.Release|x64.Build.0 = Release|x64
		{462C5FA0-AC3C-4EF7-A7CD-01A17CE2CD31}.Release|x86.ActiveCfg = Release|Any CPU
		{B6C58ECB-1D46-48CA-B665-5B0292E79150}.Debug|Any CPU.ActiveCfg = Debug|Any CPU
		{B6C58ECB-1D46-48CA-B665-5B0292E79150}.Debug|Any CPU.Build.0 = Debug|Any CPU
		{B6C58ECB-1D46-48CA-B665-5B0292E79150}.Debug|x64.ActiveCfg = Debug|Any CPU
		{B6C58ECB-1D46-48CA-B665-5B0292E79150}.Debug|x86.ActiveCfg = Debug|Any CPU
		{B6C58ECB-1D46-48CA-B665-5B0292E79150}.Release|Any CPU.ActiveCfg = Release|Any CPU
		{B6C58ECB-1D46-48CA-B665-5B0292E79150}.Release|Any CPU.Build.0 = Release|Any CPU
		{B6C58ECB-1D46-48CA-B665-5B0292E79150}.Release|x64.ActiveCfg = Release|Any CPU
		{B6C58ECB-1D46-48CA-B665-5B0292E79150}.Release|x86.ActiveCfg = Release|Any CPU
	EndGlobalSection
	GlobalSection(SolutionProperties) = preSolution
		HideSolutionNode = FALSE
	EndGlobalSection
EndGlobal
